
Microsoft Visual Studio Solution File, Format Version 12.00
# Visual Studio Version 16
VisualStudioVersion = 16.0.31321.278
MinimumVisualStudioVersion = 10.0.40219.1
Project("{FAE04EC0-301F-11D3-BF4B-00C04F79EFBC}") = "OneTrickBot", "OneTrickBot\OneTrickBot.csproj", "{1BF37379-0511-4F35-AE65-6CCD4DBB3FF4}"
EndProject
Global
	GlobalSection(SolutionConfigurationPlatforms) = preSolution
		Debug|Any CPU = Debug|Any CPU
		Release|Any CPU = Release|Any CPU
	EndGlobalSection
	GlobalSection(ProjectConfigurationPlatforms) = postSolution
		{1BF37379-0511-4F35-AE65-6CCD4DBB3FF4}.Debug|Any CPU.ActiveCfg = Debug|Any CPU
		{1BF37379-0511-4F35-AE65-6CCD4DBB3FF4}.Debug|Any CPU.Build.0 = Debug|Any CPU
		{1BF37379-0511-4F35-AE65-6CCD4DBB3FF4}.Release|Any CPU.ActiveCfg = Release|Any CPU
		{1BF37379-0511-4F35-AE65-6CCD4DBB3FF4}.Release|Any CPU.Build.0 = Release|Any CPU
	EndGlobalSection
	GlobalSection(SolutionProperties) = preSolution
		HideSolutionNode = FALSE
	EndGlobalSection
	GlobalSection(ExtensibilityGlobals) = postSolution
		SolutionGuid = {F67902AA-1953-45D3-B3C5-5F65DE3E225D}
	EndGlobalSection
EndGlobal
